
Microsoft Visual Studio Solution File, Format Version 12.00
# Visual Studio 15
VisualStudioVersion = 15.0.28010.2050
MinimumVisualStudioVersion = 10.0.40219.1
Project("{FAE04EC0-301F-11D3-BF4B-00C04F79EFBC}") = "TestPrinter", "TestPrinter\TestPrinter.csproj", "{4D9C6BE6-6C2C-453B-B161-45C16356A089}"
EndProject
Project("{FAE04EC0-301F-11D3-BF4B-00C04F79EFBC}") = "ApiPrinter", "ApiPrinter\ApiPrinter.csproj", "{D151D213-45C6-4C88-87B4-1CEF665D9086}"
EndProject
Global
	GlobalSection(SolutionConfigurationPlatforms) = preSolution
		Debug|Any CPU = Debug|Any CPU
		Release|Any CPU = Release|Any CPU
	EndGlobalSection
	GlobalSection(ProjectConfigurationPlatforms) = postSolution
		{4D9C6BE6-6C2C-453B-B161-45C16356A089}.Debug|Any CPU.ActiveCfg = Debug|Any CPU
		{4D9C6BE6-6C2C-453B-B161-45C16356A089}.Debug|Any CPU.Build.0 = Debug|Any CPU
		{4D9C6BE6-6C2C-453B-B161-45C16356A089}.Release|Any CPU.ActiveCfg = Release|Any CPU
		{4D9C6BE6-6C2C-453B-B161-45C16356A089}.Release|Any CPU.Build.0 = Release|Any CPU
		{D151D213-45C6-4C88-87B4-1CEF665D9086}.Debug|Any CPU.ActiveCfg = Debug|Any CPU
		{D151D213-45C6-4C88-87B4-1CEF665D9086}.Debug|Any CPU.Build.0 = Debug|Any CPU
		{D151D213-45C6-4C88-87B4-1CEF665D9086}.Release|Any CPU.ActiveCfg = Release|Any CPU
		{D151D213-45C6-4C88-87B4-1CEF665D9086}.Release|Any CPU.Build.0 = Release|Any CPU
	EndGlobalSection
	GlobalSection(SolutionProperties) = preSolution
		HideSolutionNode = FALSE
	EndGlobalSection
	GlobalSection(ExtensibilityGlobals) = postSolution
		SolutionGuid = {F6F1A9CC-1C6A-4431-BA70-824C34F78560}
	EndGlobalSection
EndGlobal
